{
  "name": "delete-mail-dialog-outlook-add-in",
  "lockfileVersion": 3,
  "requires": true,
  "packages": {
    "": {
      "dependencies": {
        "easyews": "^1.0.21"
      }
    },
    "node_modules/easyews": {
      "version": "1.0.21",
      "resolved": "https://registry.npmjs.org/easyews/-/easyews-1.0.21.tgz",
      "integrity": "sha512-5bQi8qIcd+dZSh6i5zBZkbXam27OOCr6T0WRmATTJuKpS+m7JBpAZSXQKlVWHQ+bHZ+ubJI7/FBXqODRmVqgLQ=="
    }
  }
}
